
Microsoft Visual Studio Solution File, Format Version 12.00
# Visual Studio Version 17
VisualStudioVersion = 17.7.34031.279
MinimumVisualStudioVersion = 10.0.40219.1
Project("{F184B08F-C81C-45F6-A57F-5ABD9991F28F}") = "9.3 Then Len Function", "9.3 Then Len Function.vbproj", "{EA26BFDD-0B97-449A-B626-FF2278DB1F55}"
EndProject
Global
	GlobalSection(SolutionConfigurationPlatforms) = preSolution
		Debug|Any CPU = Debug|Any CPU
		Release|Any CPU = Release|Any CPU
	EndGlobalSection
	GlobalSection(ProjectConfigurationPlatforms) = postSolution
		{EA26BFDD-0B97-449A-B626-FF2278DB1F55}.Debug|Any CPU.ActiveCfg = Debug|Any CPU
		{EA26BFDD-0B97-449A-B626-FF2278DB1F55}.Debug|Any CPU.Build.0 = Debug|Any CPU
		{EA26BFDD-0B97-449A-B626-FF2278DB1F55}.Release|Any CPU.ActiveCfg = Release|Any CPU
		{EA26BFDD-0B97-449A-B626-FF2278DB1F55}.Release|Any CPU.Build.0 = Release|Any CPU
	EndGlobalSection
	GlobalSection(SolutionProperties) = preSolution
		HideSolutionNode = FALSE
	EndGlobalSection
	GlobalSection(ExtensibilityGlobals) = postSolution
		SolutionGuid = {0BDB17AA-6DEA-4835-87F3-62DEB2432E98}
	EndGlobalSection
EndGlobal
